
Microsoft Visual Studio Solution File, Format Version 12.00
# Visual Studio 15
VisualStudioVersion = 15.0.27130.2024
MinimumVisualStudioVersion = 10.0.40219.1
Project("{FAE04EC0-301F-11D3-BF4B-00C04F79EFBC}") = "herokuTest", "herokuTest\herokuTest.csproj", "{3D473BF5-2029-4865-A9BA-3B31BC5E8CCC}"
EndProject
Global
	GlobalSection(SolutionConfigurationPlatforms) = preSolution
		Debug|Any CPU = Debug|Any CPU
		Release|Any CPU = Release|Any CPU
	EndGlobalSection
	GlobalSection(ProjectConfigurationPlatforms) = postSolution
		{3D473BF5-2029-4865-A9BA-3B31BC5E8CCC}.Debug|Any CPU.ActiveCfg = Debug|Any CPU
		{3D473BF5-2029-4865-A9BA-3B31BC5E8CCC}.Debug|Any CPU.Build.0 = Debug|Any CPU
		{3D473BF5-2029-4865-A9BA-3B31BC5E8CCC}.Release|Any CPU.ActiveCfg = Release|Any CPU
		{3D473BF5-2029-4865-A9BA-3B31BC5E8CCC}.Release|Any CPU.Build.0 = Release|Any CPU
	EndGlobalSection
	GlobalSection(SolutionProperties) = preSolution
		HideSolutionNode = FALSE
	EndGlobalSection
	GlobalSection(ExtensibilityGlobals) = postSolution
		SolutionGuid = {9C3091A2-A729-4154-A22E-0AB805C81857}
	EndGlobalSection
EndGlobal
